
Microsoft Visual Studio Solution File, Format Version 11.00
# Visual Studio 2010
Project("{4925A630-B079-445d-BCD4-3A9C94FE9307}") = "ReachingNirvana.Core", "ReachingNirvana.Core\ReachingNirvana.Core.fsproj", "{5372BC4D-55FA-4FF3-A14A-7AF96AFD8E89}"
EndProject
Project("{4925A630-B079-445d-BCD4-3A9C94FE9307}") = "ReachingNirvana.Touch", "ReachingNirvana.Touch\ReachingNirvana.Touch.fsproj", "{1D708FCA-B925-47EA-8E18-03B400AFB2B9}"
EndProject
Global
	GlobalSection(SolutionConfigurationPlatforms) = preSolution
		Debug|Any CPU = Debug|Any CPU
		Release|Any CPU = Release|Any CPU
		Debug|iPhoneSimulator = Debug|iPhoneSimulator
		Release|iPhoneSimulator = Release|iPhoneSimulator
		Debug|iPhone = Debug|iPhone
		Release|iPhone = Release|iPhone
		Ad-Hoc|iPhone = Ad-Hoc|iPhone
		AppStore|iPhone = AppStore|iPhone
	EndGlobalSection
	GlobalSection(ProjectConfigurationPlatforms) = postSolution
		{1D708FCA-B925-47EA-8E18-03B400AFB2B9}.Ad-Hoc|iPhone.ActiveCfg = Ad-Hoc|iPhone
		{1D708FCA-B925-47EA-8E18-03B400AFB2B9}.Ad-Hoc|iPhone.Build.0 = Ad-Hoc|iPhone
		{1D708FCA-B925-47EA-8E18-03B400AFB2B9}.AppStore|iPhone.ActiveCfg = AppStore|iPhone
		{1D708FCA-B925-47EA-8E18-03B400AFB2B9}.AppStore|iPhone.Build.0 = AppStore|iPhone
		{1D708FCA-B925-47EA-8E18-03B400AFB2B9}.Debug|Any CPU.ActiveCfg = Debug|iPhoneSimulator
		{1D708FCA-B925-47EA-8E18-03B400AFB2B9}.Debug|Any CPU.Build.0 = Debug|iPhoneSimulator
		{1D708FCA-B925-47EA-8E18-03B400AFB2B9}.Debug|iPhone.ActiveCfg = Debug|iPhone
		{1D708FCA-B925-47EA-8E18-03B400AFB2B9}.Debug|iPhone.Build.0 = Debug|iPhone
		{1D708FCA-B925-47EA-8E18-03B400AFB2B9}.Debug|iPhoneSimulator.ActiveCfg = Debug|iPhoneSimulator
		{1D708FCA-B925-47EA-8E18-03B400AFB2B9}.Debug|iPhoneSimulator.Build.0 = Debug|iPhoneSimulator
		{1D708FCA-B925-47EA-8E18-03B400AFB2B9}.Release|Any CPU.ActiveCfg = Release|iPhoneSimulator
		{1D708FCA-B925-47EA-8E18-03B400AFB2B9}.Release|Any CPU.Build.0 = Release|iPhoneSimulator
		{1D708FCA-B925-47EA-8E18-03B400AFB2B9}.Release|iPhone.ActiveCfg = Release|iPhone
		{1D708FCA-B925-47EA-8E18-03B400AFB2B9}.Release|iPhone.Build.0 = Release|iPhone
		{1D708FCA-B925-47EA-8E18-03B400AFB2B9}.Release|iPhoneSimulator.ActiveCfg = Release|iPhoneSimulator
		{1D708FCA-B925-47EA-8E18-03B400AFB2B9}.Release|iPhoneSimulator.Build.0 = Release|iPhoneSimulator
		{5372BC4D-55FA-4FF3-A14A-7AF96AFD8E89}.Ad-Hoc|iPhone.ActiveCfg = Debug|Any CPU
		{5372BC4D-55FA-4FF3-A14A-7AF96AFD8E89}.Ad-Hoc|iPhone.Build.0 = Debug|Any CPU
		{5372BC4D-55FA-4FF3-A14A-7AF96AFD8E89}.AppStore|iPhone.ActiveCfg = Debug|Any CPU
		{5372BC4D-55FA-4FF3-A14A-7AF96AFD8E89}.AppStore|iPhone.Build.0 = Debug|Any CPU
		{5372BC4D-55FA-4FF3-A14A-7AF96AFD8E89}.Debug|Any CPU.ActiveCfg = Debug|Any CPU
		{5372BC4D-55FA-4FF3-A14A-7AF96AFD8E89}.Debug|Any CPU.Build.0 = Debug|Any CPU
		{5372BC4D-55FA-4FF3-A14A-7AF96AFD8E89}.Debug|iPhone.ActiveCfg = Debug|Any CPU
		{5372BC4D-55FA-4FF3-A14A-7AF96AFD8E89}.Debug|iPhone.Build.0 = Debug|Any CPU
		{5372BC4D-55FA-4FF3-A14A-7AF96AFD8E89}.Debug|iPhoneSimulator.ActiveCfg = Debug|Any CPU
		{5372BC4D-55FA-4FF3-A14A-7AF96AFD8E89}.Debug|iPhoneSimulator.Build.0 = Debug|Any CPU
		{5372BC4D-55FA-4FF3-A14A-7AF96AFD8E89}.Release|Any CPU.ActiveCfg = Release|Any CPU
		{5372BC4D-55FA-4FF3-A14A-7AF96AFD8E89}.Release|Any CPU.Build.0 = Release|Any CPU
		{5372BC4D-55FA-4FF3-A14A-7AF96AFD8E89}.Release|iPhone.ActiveCfg = Release|Any CPU
		{5372BC4D-55FA-4FF3-A14A-7AF96AFD8E89}.Release|iPhone.Build.0 = Release|Any CPU
		{5372BC4D-55FA-4FF3-A14A-7AF96AFD8E89}.Release|iPhoneSimulator.ActiveCfg = Release|Any CPU
		{5372BC4D-55FA-4FF3-A14A-7AF96AFD8E89}.Release|iPhoneSimulator.Build.0 = Release|Any CPU
	EndGlobalSection
	GlobalSection(MonoDevelopProperties) = preSolution
		StartupItem = ReachingNirvana.Touch\ReachingNirvana.Touch.fsproj
	EndGlobalSection
EndGlobal
